// !$*UTF8*$!
{
	archiveVersion = 1;
	classes = {
	};
	objectVersion = 56;
	objects = {

/* Begin PBXBuildFile section */
		8040354D2C506DD50003F566 /* AppDelegate.swift in Sources */ = {isa = PBXBuildFile; fileRef = 8040354C2C506DD50003F566 /* AppDelegate.swift */; };
		8040354F2C506DD50003F566 /* SceneDelegate.swift in Sources */ = {isa = PBXBuildFile; fileRef = 8040354E2C506DD50003F566 /* SceneDelegate.swift */; };
		804035512C506DD50003F566 /* ViewController.swift in Sources */ = {isa = PBXBuildFile; fileRef = 804035502C506DD50003F566 /* ViewController.swift */; };
		804035542C506DD50003F566 /* Main.storyboard in Resources */ = {isa = PBXBuildFile; fileRef = 804035522C506DD50003F566 /* Main.storyboard */; };
		804035562C506DE90003F566 /* Assets.xcassets in Resources */ = {isa = PBXBuildFile; fileRef = 804035552C506DE90003F566 /* Assets.xcassets */; };
		804035592C506DE90003F566 /* LaunchScreen.storyboard in Resources */ = {isa = PBXBuildFile; fileRef = 804035572C506DE90003F566 /* LaunchScreen.storyboard */; };
		804035642C506DEC0003F566 /* RandomQouteAppTests.swift in Sources */ = {isa = PBXBuildFile; fileRef = 804035632C506DEC0003F566 /* RandomQouteAppTests.swift */; };
		8040356E2C506DEC0003F566 /* RandomQouteAppUITests.swift in Sources */ = {isa = PBXBuildFile; fileRef = 8040356D2C506DEC0003F566 /* RandomQouteAppUITests.swift */; };
		804035702C506DEC0003F566 /* RandomQouteAppUITestsLaunchTests.swift in Sources */ = {isa = PBXBuildFile; fileRef = 8040356F2C506DEC0003F566 /* RandomQouteAppUITestsLaunchTests.swift */; };
		8040357D2CAD72880003F566 /* QouteModel.swift in Sources */ = {isa = PBXBuildFile; fileRef = 8040357C2CAD72880003F566 /* QouteModel.swift */; };
/* End PBXBuildFile section */

/* Begin PBXContainerItemProxy section */
		804035602C506DEC0003F566 /* PBXContainerItemProxy */ = {
			isa = PBXContainerItemProxy;
			containerPortal = 804035412C506DD40003F566 /* Project object */;
			proxyType = 1;
			remoteGlobalIDString = 804035482C506DD40003F566;
			remoteInfo = RandomQouteApp;
		};
		8040356A2C506DEC0003F566 /* PBXContainerItemProxy */ = {
			isa = PBXContainerItemProxy;
			containerPortal = 804035412C506DD40003F566 /* Project object */;
			proxyType = 1;
			remoteGlobalIDString = 804035482C506DD40003F566;
			remoteInfo = RandomQouteApp;
		};
/* End PBXContainerItemProxy section */

/* Begin PBXFileReference section */
		804035492C506DD50003F566 /* RandomQouteApp.app */ = {isa = PBXFileReference; explicitFileType = wrapper.application; includeInIndex = 0; path = RandomQouteApp.app; sourceTree = BUILT_PRODUCTS_DIR; };
		8040354C2C506DD50003F566 /* AppDelegate.swift */ = {isa = PBXFileReference; lastKnownFileType = sourcecode.swift; path = AppDelegate.swift; sourceTree = "<group>"; };
		8040354E2C506DD50003F566 /* SceneDelegate.swift */ = {isa = PBXFileReference; lastKnownFileType = sourcecode.swift; path = SceneDelegate.swift; sourceTree = "<group>"; };
		804035502C506DD50003F566 /* ViewController.swift */ = {isa = PBXFileReference; lastKnownFileType = sourcecode.swift; path = ViewController.swift; sourceTree = "<group>"; };
		804035532C506DD50003F566 /* Base */ = {isa = PBXFileReference; lastKnownFileType = file.storyboard; name = Base; path = Base.lproj/Main.storyboard; sourceTree = "<group>"; };
		804035552C506DE90003F566 /* Assets.xcassets */ = {isa = PBXFileReference; lastKnownFileType = folder.assetcatalog; path = Assets.xcassets; sourceTree = "<group>"; };
		804035582C506DE90003F566 /* Base */ = {isa = PBXFileReference; lastKnownFileType = file.storyboard; name = Base; path = Base.lproj/LaunchScreen.storyboard; sourceTree = "<group>"; };
		8040355A2C506DE90003F566 /* Info.plist */ = {isa = PBXFileReference; lastKnownFileType = text.plist.xml; path = Info.plist; sourceTree = "<group>"; };
		8040355F2C506DEC0003F566 /* RandomQouteAppTests.xctest */ = {isa = PBXFileReference; explicitFileType = wrapper.cfbundle; includeInIndex = 0; path = RandomQouteAppTests.xctest; sourceTree = BUILT_PRODUCTS_DIR; };
		804035632C506DEC0003F566 /* RandomQouteAppTests.swift */ = {isa = PBXFileReference; lastKnownFileType = sourcecode.swift; path = RandomQouteAppTests.swift; sourceTree = "<group>"; };
		804035692C506DEC0003F566 /* RandomQouteAppUITests.xctest */ = {isa = PBXFileReference; explicitFileType = wrapper.cfbundle; includeInIndex = 0; path = RandomQouteAppUITests.xctest; sourceTree = BUILT_PRODUCTS_DIR; };
		8040356D2C506DEC0003F566 /* RandomQouteAppUITests.swift */ = {isa = PBXFileReference; lastKnownFileType = sourcecode.swift; path = RandomQouteAppUITests.swift; sourceTree = "<group>"; };
		8040356F2C506DEC0003F566 /* RandomQouteAppUITestsLaunchTests.swift */ = {isa = PBXFileReference; lastKnownFileType = sourcecode.swift; path = RandomQouteAppUITestsLaunchTests.swift; sourceTree = "<group>"; };
		8040357C2CAD72880003F566 /* QouteModel.swift */ = {isa = PBXFileReference; lastKnownFileType = sourcecode.swift; path = QouteModel.swift; sourceTree = "<group>"; };
/* End PBXFileReference section */

/* Begin PBXFrameworksBuildPhase section */
		804035462C506DD40003F566 /* Frameworks */ = {
			isa = PBXFrameworksBuildPhase;
			buildActionMask = 2147483647;
			files = (
			);
			runOnlyForDeploymentPostprocessing = 0;
		};
		8040355C2C506DEC0003F566 /* Frameworks */ = {
			isa = PBXFrameworksBuildPhase;
			buildActionMask = 2147483647;
			files = (
			);
			runOnlyForDeploymentPostprocessing = 0;
		};
		804035662C506DEC0003F566 /* Frameworks */ = {
			isa = PBXFrameworksBuildPhase;
			buildActionMask = 2147483647;
			files = (
			);
			runOnlyForDeploymentPostprocessing = 0;
		};
/* End PBXFrameworksBuildPhase section */

/* Begin PBXGroup section */
		804035402C506DD40003F566 = {
			isa = PBXGroup;
			children = (
				8040354B2C506DD50003F566 /* RandomQouteApp */,
				804035622C506DEC0003F566 /* RandomQouteAppTests */,
				8040356C2C506DEC0003F566 /* RandomQouteAppUITests */,
				8040354A2C506DD50003F566 /* Products */,
			);
			sourceTree = "<group>";
		};
		8040354A2C506DD50003F566 /* Products */ = {
			isa = PBXGroup;
			children = (
				804035492C506DD50003F566 /* RandomQouteApp.app */,
				8040355F2C506DEC0003F566 /* RandomQouteAppTests.xctest */,
				804035692C506DEC0003F566 /* RandomQouteAppUITests.xctest */,
			);
			name = Products;
			sourceTree = "<group>";
		};
		8040354B2C506DD50003F566 /* RandomQouteApp */ = {
			isa = PBXGroup;
			children = (
				8040354C2C506DD50003F566 /* AppDelegate.swift */,
				8040354E2C506DD50003F566 /* SceneDelegate.swift */,
				8040357C2CAD72880003F566 /* QouteModel.swift */,
				804035502C506DD50003F566 /* ViewController.swift */,
				804035522C506DD50003F566 /* Main.storyboard */,
				804035552C506DE90003F566 /* Assets.xcassets */,
				804035572C506DE90003F566 /* LaunchScreen.storyboard */,
				8040355A2C506DE90003F566 /* Info.plist */,
			);
			path = RandomQouteApp;
			sourceTree = "<group>";
		};
		804035622C506DEC0003F566 /* RandomQouteAppTests */ = {
			isa = PBXGroup;
			children = (
				804035632C506DEC0003F566 /* RandomQouteAppTests.swift */,
			);
			path = RandomQouteAppTests;
			sourceTree = "<group>";
		};
		8040356C2C506DEC0003F566 /* RandomQouteAppUITests */ = {
			isa = PBXGroup;
			children = (
				8040356D2C506DEC0003F566 /* RandomQouteAppUITests.swift */,
				8040356F2C506DEC0003F566 /* RandomQouteAppUITestsLaunchTests.swift */,
			);
			path = RandomQouteAppUITests;
			sourceTree = "<group>";
		};
/* End PBXGroup section */

/* Begin PBXNativeTarget section */
		804035482C506DD40003F566 /* RandomQouteApp */ = {
			isa = PBXNativeTarget;
			buildConfigurationList = 804035732C506DEC0003F566 /* Build configuration list for PBXNativeTarget "RandomQouteApp" */;
			buildPhases = (
				804035452C506DD40003F566 /* Sources */,
				804035462C506DD40003F566 /* Frameworks */,
				804035472C506DD40003F566 /* Resources */,
			);
			buildRules = (
			);
			dependencies = (
			);
			name = RandomQouteApp;
			productName = RandomQouteApp;
			productReference = 804035492C506DD50003F566 /* RandomQouteApp.app */;
			productType = "com.apple.product-type.application";
		};
		8040355E2C506DEC0003F566 /* RandomQouteAppTests */ = {
			isa = PBXNativeTarget;
			buildConfigurationList = 804035762C506DEC0003F566 /* Build configuration list for PBXNativeTarget "RandomQouteAppTests" */;
			buildPhases = (
				8040355B2C506DEC0003F566 /* Sources */,
				8040355C2C506DEC0003F566 /* Frameworks */,
				8040355D2C506DEC0003F566 /* Resources */,
			);
			buildRules = (
			);
			dependencies = (
				804035612C506DEC0003F566 /* PBXTargetDependency */,
			);
			name = RandomQouteAppTests;
			productName = RandomQouteAppTests;
			productReference = 8040355F2C506DEC0003F566 /* RandomQouteAppTests.xctest */;
			productType = "com.apple.product-type.bundle.unit-test";
		};
		804035682C506DEC0003F566 /* RandomQouteAppUITests */ = {
			isa = PBXNativeTarget;
			buildConfigurationList = 804035792C506DEC0003F566 /* Build configuration list for PBXNativeTarget "RandomQouteAppUITests" */;
			buildPhases = (
				804035652C506DEC0003F566 /* Sources */,
				804035662C506DEC0003F566 /* Frameworks */,
				804035672C506DEC0003F566 /* Resources */,
			);
			buildRules = (
			);
			dependencies = (
				8040356B2C506DEC0003F566 /* PBXTargetDependency */,
			);
			name = RandomQouteAppUITests;
			productName = RandomQouteAppUITests;
			productReference = 804035692C506DEC0003F566 /* RandomQouteAppUITests.xctest */;
			productType = "com.apple.product-type.bundle.ui-testing";
		};
/* End PBXNativeTarget section */

/* Begin PBXProject section */
		804035412C506DD40003F566 /* Project object */ = {
			isa = PBXProject;
			attributes = {
				BuildIndependentTargetsInParallel = 1;
				LastSwiftUpdateCheck = 1500;
				LastUpgradeCheck = 1500;
				TargetAttributes = {
					804035482C506DD40003F566 = {
						CreatedOnToolsVersion = 15.0;
					};
					8040355E2C506DEC0003F566 = {
						CreatedOnToolsVersion = 15.0;
						TestTargetID = 804035482C506DD40003F566;
					};
					804035682C506DEC0003F566 = {
						CreatedOnToolsVersion = 15.0;
						TestTargetID = 804035482C506DD40003F566;
					};
				};
			};
			buildConfigurationList = 804035442C506DD40003F566 /* Build configuration list for PBXProject "RandomQouteApp" */;
			compatibilityVersion = "Xcode 14.0";
			developmentRegion = en;
			hasScannedForEncodings = 0;
			knownRegions = (
				en,
				Base,
			);
			mainGroup = 804035402C506DD40003F566;
			productRefGroup = 8040354A2C506DD50003F566 /* Products */;
			projectDirPath = "";
			projectRoot = "";
			targets = (
				804035482C506DD40003F566 /* RandomQouteApp */,
				8040355E2C506DEC0003F566 /* RandomQouteAppTests */,
				804035682C506DEC0003F566 /* RandomQouteAppUITests */,
			);
		};
/* End PBXProject section */

/* Begin PBXResourcesBuildPhase section */
		804035472C506DD40003F566 /* Resources */ = {
			isa = PBXResourcesBuildPhase;
			buildActionMask = 2147483647;
			files = (
				804035592C506DE90003F566 /* LaunchScreen.storyboard in Resources */,
				804035562C506DE90003F566 /* Assets.xcassets in Resources */,
				804035542C506DD50003F566 /* Main.storyboard in Resources */,
			);
			runOnlyForDeploymentPostprocessing = 0;
		};
		8040355D2C506DEC0003F566 /* Resources */ = {
			isa = PBXResourcesBuildPhase;
			buildActionMask = 2147483647;
			files = (
			);
			runOnlyForDeploymentPostprocessing = 0;
		};
		804035672C506DEC0003F566 /* Resources */ = {
			isa = PBXResourcesBuildPhase;
			buildActionMask = 2147483647;
			files = (
			);
			runOnlyForDeploymentPostprocessing = 0;
		};
/* End PBXResourcesBuildPhase section */

/* Begin PBXSourcesBuildPhase section */
		804035452C506DD40003F566 /* Sources */ = {
			isa = PBXSourcesBuildPhase;
			buildActionMask = 2147483647;
			files = (
				804035512C506DD50003F566 /* ViewController.swift in Sources */,
				8040354D2C506DD50003F566 /* AppDelegate.swift in Sources */,
				8040357D2CAD72880003F566 /* QouteModel.swift in Sources */,
				8040354F2C506DD50003F566 /* SceneDelegate.swift in Sources */,
			);
			runOnlyForDeploymentPostprocessing = 0;
		};
		8040355B2C506DEC0003F566 /* Sources */ = {
			isa = PBXSourcesBuildPhase;
			buildActionMask = 2147483647;
			files = (
				804035642C506DEC0003F566 /* RandomQouteAppTests.swift in Sources */,
			);
			runOnlyForDeploymentPostprocessing = 0;
		};
		804035652C506DEC0003F566 /* Sources */ = {
			isa = PBXSourcesBuildPhase;
			buildActionMask = 2147483647;
			files = (
				804035702C506DEC0003F566 /* RandomQouteAppUITestsLaunchTests.swift in Sources */,
				8040356E2C506DEC0003F566 /* RandomQouteAppUITests.swift in Sources */,
			);
			runOnlyForDeploymentPostprocessing = 0;
		};
/* End PBXSourcesBuildPhase section */

/* Begin PBXTargetDependency section */
		804035612C506DEC0003F566 /* PBXTargetDependency */ = {
			isa = PBXTargetDependency;
			target = 804035482C506DD40003F566 /* RandomQouteApp */;
			targetProxy = 804035602C506DEC0003F566 /* PBXContainerItemProxy */;
		};
		8040356B2C506DEC0003F566 /* PBXTargetDependency */ = {
			isa = PBXTargetDependency;
			target = 804035482C506DD40003F566 /* RandomQouteApp */;
			targetProxy = 8040356A2C506DEC0003F566 /* PBXContainerItemProxy */;
		};
/* End PBXTargetDependency section */

/* Begin PBXVariantGroup section */
		804035522C506DD50003F566 /* Main.storyboard */ = {
			isa = PBXVariantGroup;
			children = (
				804035532C506DD50003F566 /* Base */,
			);
			name = Main.storyboard;
			sourceTree = "<group>";
		};
		804035572C506DE90003F566 /* LaunchScreen.storyboard */ = {
			isa = PBXVariantGroup;
			children = (
				804035582C506DE90003F566 /* Base */,
			);
			name = LaunchScreen.storyboard;
			sourceTree = "<group>";
		};
/* End PBXVariantGroup section */

/* Begin XCBuildConfiguration section */
		804035712C506DEC0003F566 /* Debug */ = {
			isa = XCBuildConfiguration;
			buildSettings = {
				ALWAYS_SEARCH_USER_PATHS = NO;
				ASSETCATALOG_COMPILER_GENERATE_SWIFT_ASSET_SYMBOL_EXTENSIONS = YES;
				CLANG_ANALYZER_NONNULL = YES;
				CLANG_ANALYZER_NUMBER_OBJECT_CONVERSION = YES_AGGRESSIVE;
				CLANG_CXX_LANGUAGE_STANDARD = "gnu++20";
				CLANG_ENABLE_MODULES = YES;
				CLANG_ENABLE_OBJC_ARC = YES;
				CLANG_ENABLE_OBJC_WEAK = YES;
				CLANG_WARN_BLOCK_CAPTURE_AUTORELEASING = YES;
				CLANG_WARN_BOOL_CONVERSION = YES;
				CLANG_WARN_COMMA = YES;
				CLANG_WARN_CONSTANT_CONVERSION = YES;
				CLANG_WARN_DEPRECATED_OBJC_IMPLEMENTATIONS = YES;
				CLANG_WARN_DIRECT_OBJC_ISA_USAGE = YES_ERROR;
				CLANG_WARN_DOCUMENTATION_COMMENTS = YES;
				CLANG_WARN_EMPTY_BODY = YES;
				CLANG_WARN_ENUM_CONVERSION = YES;
				CLANG_WARN_INFINITE_RECURSION = YES;
				CLANG_WARN_INT_CONVERSION = YES;
				CLANG_WARN_NON_LITERAL_NULL_CONVERSION = YES;
				CLANG_WARN_OBJC_IMPLICIT_RETAIN_SELF = YES;
				CLANG_WARN_OBJC_LITERAL_CONVERSION = YES;
				CLANG_WARN_OBJC_ROOT_CLASS = YES_ERROR;
				CLANG_WARN_QUOTED_INCLUDE_IN_FRAMEWORK_HEADER = YES;
				CLANG_WARN_RANGE_LOOP_ANALYSIS = YES;
				CLANG_WARN_STRICT_PROTOTYPES = YES;
				CLANG_WARN_SUSPICIOUS_MOVE = YES;
				CLANG_WARN_UNGUARDED_AVAILABILITY = YES_AGGRESSIVE;
				CLANG_WARN_UNREACHABLE_CODE = YES;
				CLANG_WARN__DUPLICATE_METHOD_MATCH = YES;
				COPY_PHASE_STRIP = NO;
				DEBUG_INFORMATION_FORMAT = dwarf;
				ENABLE_STRICT_OBJC_MSGSEND = YES;
				ENABLE_TESTABILITY = YES;
				ENABLE_USER_SCRIPT_SANDBOXING = YES;
				GCC_C_LANGUAGE_STANDARD = gnu17;
				GCC_DYNAMIC_NO_PIC = NO;
				GCC_NO_COMMON_BLOCKS = YES;
				GCC_OPTIMIZATION_LEVEL = 0;
				GCC_PREPROCESSOR_DEFINITIONS = (
					"DEBUG=1",
					"$(inherited)",
				);
				GCC_WARN_64_TO_32_BIT_CONVERSION = YES;
				GCC_WARN_ABOUT_RETURN_TYPE = YES_ERROR;
				GCC_WARN_UNDECLARED_SELECTOR = YES;
				GCC_WARN_UNINITIALIZED_AUTOS = YES_AGGRESSIVE;
				GCC_WARN_UNUSED_FUNCTION = YES;
				GCC_WARN_UNUSED_VARIABLE = YES;
				IPHONEOS_DEPLOYMENT_TARGET = 17.0;
				LOCALIZATION_PREFERS_STRING_CATALOGS = YES;
				MTL_ENABLE_DEBUG_INFO = INCLUDE_SOURCE;
				MTL_FAST_MATH = YES;
				ONLY_ACTIVE_ARCH = YES;
				SDKROOT = iphoneos;
				SWIFT_ACTIVE_COMPILATION_CONDITIONS = "DEBUG $(inherited)";
				SWIFT_OPTIMIZATION_LEVEL = "-Onone";
			};
			name = Debug;
		};
		804035722C506DEC0003F566 /* Release */ = {
			isa = XCBuildConfiguration;
			buildSettings = {
				ALWAYS_SEARCH_USER_PATHS = NO;
				ASSETCATALOG_COMPILER_GENERATE_SWIFT_ASSET_SYMBOL_EXTENSIONS = YES;
				CLANG_ANALYZER_NONNULL = YES;
				CLANG_ANALYZER_NUMBER_OBJECT_CONVERSION = YES_AGGRESSIVE;
				CLANG_CXX_LANGUAGE_STANDARD = "gnu++20";
				CLANG_ENABLE_MODULES = YES;
				CLANG_ENABLE_OBJC_ARC = YES;
				CLANG_ENABLE_OBJC_WEAK = YES;
				CLANG_WARN_BLOCK_CAPTURE_AUTORELEASING = YES;
				CLANG_WARN_BOOL_CONVERSION = YES;
				CLANG_WARN_COMMA = YES;
				CLANG_WARN_CONSTANT_CONVERSION = YES;
				CLANG_WARN_DEPRECATED_OBJC_IMPLEMENTATIONS = YES;
				CLANG_WARN_DIRECT_OBJC_ISA_USAGE = YES_ERROR;
				CLANG_WARN_DOCUMENTATION_COMMENTS = YES;
				CLANG_WARN_EMPTY_BODY = YES;
				CLANG_WARN_ENUM_CONVERSION = YES;
				CLANG_WARN_INFINITE_RECURSION = YES;
				CLANG_WARN_INT_CONVERSION = YES;
				CLANG_WARN_NON_LITERAL_NULL_CONVERSION = YES;
				CLANG_WARN_OBJC_IMPLICIT_RETAIN_SELF = YES;
				CLANG_WARN_OBJC_LITERAL_CONVERSION = YES;
				CLANG_WARN_OBJC_ROOT_CLASS = YES_ERROR;
				CLANG_WARN_QUOTED_INCLUDE_IN_FRAMEWORK_HEADER = YES;
				CLANG_WARN_RANGE_LOOP_ANALYSIS = YES;
				CLANG_WARN_STRICT_PROTOTYPES = YES;
				CLANG_WARN_SUSPICIOUS_MOVE = YES;
				CLANG_WARN_UNGUARDED_AVAILABILITY = YES_AGGRESSIVE;
				CLANG_WARN_UNREACHABLE_CODE = YES;
				CLANG_WARN__DUPLICATE_METHOD_MATCH = YES;
				COPY_PHASE_STRIP = NO;
				DEBUG_INFORMATION_FORMAT = "dwarf-with-dsym";
				ENABLE_NS_ASSERTIONS = NO;
				ENABLE_STRICT_OBJC_MSGSEND = YES;
				ENABLE_USER_SCRIPT_SANDBOXING = YES;
				GCC_C_LANGUAGE_STANDARD = gnu17;
				GCC_NO_COMMON_BLOCKS = YES;
				GCC_WARN_64_TO_32_BIT_CONVERSION = YES;
				GCC_WARN_ABOUT_RETURN_TYPE = YES_ERROR;
				GCC_WARN_UNDECLARED_SELECTOR = YES;
				GCC_WARN_UNINITIALIZED_AUTOS = YES_AGGRESSIVE;
				GCC_WARN_UNUSED_FUNCTION = YES;
				GCC_WARN_UNUSED_VARIABLE = YES;
				IPHONEOS_DEPLOYMENT_TARGET = 17.0;
				LOCALIZATION_PREFERS_STRING_CATALOGS = YES;
				MTL_ENABLE_DEBUG_INFO = NO;
				MTL_FAST_MATH = YES;
				SDKROOT = iphoneos;
				SWIFT_COMPILATION_MODE = wholemodule;
				VALIDATE_PRODUCT = YES;
			};
			name = Release;
		};
		804035742C506DEC0003F566 /* Debug */ = {
			isa = XCBuildConfiguration;
			buildSettings = {
				ASSETCATALOG_COMPILER_APPICON_NAME = AppIcon;
				ASSETCATALOG_COMPILER_GLOBAL_ACCENT_COLOR_NAME = AccentColor;
				CODE_SIGN_STYLE = Automatic;
				CURRENT_PROJECT_VERSION = 1;
				DEVELOPMENT_TEAM = Y44M997BUN;
				GENERATE_INFOPLIST_FILE = YES;
				INFOPLIST_FILE = RandomQouteApp/Info.plist;
				INFOPLIST_KEY_UIApplicationSupportsIndirectInputEvents = YES;
				INFOPLIST_KEY_UILaunchStoryboardName = LaunchScreen;
				INFOPLIST_KEY_UIMainStoryboardFile = Main;
				INFOPLIST_KEY_UISupportedInterfaceOrientations_iPad = "UIInterfaceOrientationPortrait UIInterfaceOrientationPortraitUpsideDown UIInterfaceOrientationLandscapeLeft UIInterfaceOrientationLandscapeRight";
				INFOPLIST_KEY_UISupportedInterfaceOrientations_iPhone = "UIInterfaceOrientationPortrait UIInterfaceOrientationLandscapeLeft UIInterfaceOrientationLandscapeRight";
				LD_RUNPATH_SEARCH_PATHS = (
					"$(inherited)",
					"@executable_path/Frameworks",
				);
				MARKETING_VERSION = 1.0;
				PRODUCT_BUNDLE_IDENTIFIER = com.karim.RandomQouteApp;
				PRODUCT_NAME = "$(TARGET_NAME)";
				SWIFT_EMIT_LOC_STRINGS = YES;
				SWIFT_VERSION = 5.0;
				TARGETED_DEVICE_FAMILY = "1,2";
			};
			name = Debug;
		};
		804035752C506DEC0003F566 /* Release */ = {
			isa = XCBuildConfiguration;
			buildSettings = {
				ASSETCATALOG_COMPILER_APPICON_NAME = AppIcon;
				ASSETCATALOG_COMPILER_GLOBAL_ACCENT_COLOR_NAME = AccentColor;
				CODE_SIGN_STYLE = Automatic;
				CURRENT_PROJECT_VERSION = 1;
				DEVELOPMENT_TEAM = Y44M997BUN;
				GENERATE_INFOPLIST_FILE = YES;
				INFOPLIST_FILE = RandomQouteApp/Info.plist;
				INFOPLIST_KEY_UIApplicationSupportsIndirectInputEvents = YES;
				INFOPLIST_KEY_UILaunchStoryboardName = LaunchScreen;
				INFOPLIST_KEY_UIMainStoryboardFile = Main;
				INFOPLIST_KEY_UISupportedInterfaceOrientations_iPad = "UIInterfaceOrientationPortrait UIInterfaceOrientationPortraitUpsideDown UIInterfaceOrientationLandscapeLeft UIInterfaceOrientationLandscapeRight";
				INFOPLIST_KEY_UISupportedInterfaceOrientations_iPhone = "UIInterfaceOrientationPortrait UIInterfaceOrientationLandscapeLeft UIInterfaceOrientationLandscapeRight";
				LD_RUNPATH_SEARCH_PATHS = (
					"$(inherited)",
					"@executable_path/Frameworks",
				);
				MARKETING_VERSION = 1.0;
				PRODUCT_BUNDLE_IDENTIFIER = com.karim.RandomQouteApp;
				PRODUCT_NAME = "$(TARGET_NAME)";
				SWIFT_EMIT_LOC_STRINGS = YES;
				SWIFT_VERSION = 5.0;
				TARGETED_DEVICE_FAMILY = "1,2";
			};
			name = Release;
		};
		804035772C506DEC0003F566 /* Debug */ = {
			isa = XCBuildConfiguration;
			buildSettings = {
				ALWAYS_EMBED_SWIFT_STANDARD_LIBRARIES = YES;
				BUNDLE_LOADER = "$(TEST_HOST)";
				CODE_SIGN_STYLE = Automatic;
				CURRENT_PROJECT_VERSION = 1;
				DEVELOPMENT_TEAM = Y44M997BUN;
				GENERATE_INFOPLIST_FILE = YES;
				IPHONEOS_DEPLOYMENT_TARGET = 17.0;
				MARKETING_VERSION = 1.0;
				PRODUCT_BUNDLE_IDENTIFIER = com.karim.RandomQouteAppTests;
				PRODUCT_NAME = "$(TARGET_NAME)";
				SWIFT_EMIT_LOC_STRINGS = NO;
				SWIFT_VERSION = 5.0;
				TARGETED_DEVICE_FAMILY = "1,2";
				TEST_HOST = "$(BUILT_PRODUCTS_DIR)/RandomQouteApp.app/$(BUNDLE_EXECUTABLE_FOLDER_PATH)/RandomQouteApp";
			};
			name = Debug;
		};
		804035782C506DEC0003F566 /* Release */ = {
			isa = XCBuildConfiguration;
			buildSettings = {
				ALWAYS_EMBED_SWIFT_STANDARD_LIBRARIES = YES;
				BUNDLE_LOADER = "$(TEST_HOST)";
				CODE_SIGN_STYLE = Automatic;
				CURRENT_PROJECT_VERSION = 1;
				DEVELOPMENT_TEAM = Y44M997BUN;
				GENERATE_INFOPLIST_FILE = YES;
				IPHONEOS_DEPLOYMENT_TARGET = 17.0;
				MARKETING_VERSION = 1.0;
				PRODUCT_BUNDLE_IDENTIFIER = com.karim.RandomQouteAppTests;
				PRODUCT_NAME = "$(TARGET_NAME)";
				SWIFT_EMIT_LOC_STRINGS = NO;
				SWIFT_VERSION = 5.0;
				TARGETED_DEVICE_FAMILY = "1,2";
				TEST_HOST = "$(BUILT_PRODUCTS_DIR)/RandomQouteApp.app/$(BUNDLE_EXECUTABLE_FOLDER_PATH)/RandomQouteApp";
			};
			name = Release;
		};
		8040357A2C506DEC0003F566 /* Debug */ = {
			isa = XCBuildConfiguration;
			buildSettings = {
				ALWAYS_EMBED_SWIFT_STANDARD_LIBRARIES = YES;
				CODE_SIGN_STYLE = Automatic;
				CURRENT_PROJECT_VERSION = 1;
				DEVELOPMENT_TEAM = Y44M997BUN;
				GENERATE_INFOPLIST_FILE = YES;
				MARKETING_VERSION = 1.0;
				PRODUCT_BUNDLE_IDENTIFIER = com.karim.RandomQouteAppUITests;
				PRODUCT_NAME = "$(TARGET_NAME)";
				SWIFT_EMIT_LOC_STRINGS = NO;
				SWIFT_VERSION = 5.0;
				TARGETED_DEVICE_FAMILY = "1,2";
				TEST_TARGET_NAME = RandomQouteApp;
			};
			name = Debug;
		};
		8040357B2C506DEC0003F566 /* Release */ = {
			isa = XCBuildConfiguration;
			buildSettings = {
				ALWAYS_EMBED_SWIFT_STANDARD_LIBRARIES = YES;
				CODE_SIGN_STYLE = Automatic;
				CURRENT_PROJECT_VERSION = 1;
				DEVELOPMENT_TEAM = Y44M997BUN;
				GENERATE_INFOPLIST_FILE = YES;
				MARKETING_VERSION = 1.0;
				PRODUCT_BUNDLE_IDENTIFIER = com.karim.RandomQouteAppUITests;
				PRODUCT_NAME = "$(TARGET_NAME)";
				SWIFT_EMIT_LOC_STRINGS = NO;
				SWIFT_VERSION = 5.0;
				TARGETED_DEVICE_FAMILY = "1,2";
				TEST_TARGET_NAME = RandomQouteApp;
			};
			name = Release;
		};
/* End XCBuildConfiguration section */

/* Begin XCConfigurationList section */
		804035442C506DD40003F566 /* Build configuration list for PBXProject "RandomQouteApp" */ = {
			isa = XCConfigurationList;
			buildConfigurations = (
				804035712C506DEC0003F566 /* Debug */,
				804035722C506DEC0003F566 /* Release */,
			);
			defaultConfigurationIsVisible = 0;
			defaultConfigurationName = Release;
		};
		804035732C506DEC0003F566 /* Build configuration list for PBXNativeTarget "RandomQouteApp" */ = {
			isa = XCConfigurationList;
			buildConfigurations = (
				804035742C506DEC0003F566 /* Debug */,
				804035752C506DEC0003F566 /* Release */,
			);
			defaultConfigurationIsVisible = 0;
			defaultConfigurationName = Release;
		};
		804035762C506DEC0003F566 /* Build configuration list for PBXNativeTarget "RandomQouteAppTests" */ = {
			isa = XCConfigurationList;
			buildConfigurations = (
				804035772C506DEC0003F566 /* Debug */,
				804035782C506DEC0003F566 /* Release */,
			);
			defaultConfigurationIsVisible = 0;
			defaultConfigurationName = Release;
		};
		804035792C506DEC0003F566 /* Build configuration list for PBXNativeTarget "RandomQouteAppUITests" */ = {
			isa = XCConfigurationList;
			buildConfigurations = (
				8040357A2C506DEC0003F566 /* Debug */,
				8040357B2C506DEC0003F566 /* Release */,
			);
			defaultConfigurationIsVisible = 0;
			defaultConfigurationName = Release;
		};
/* End XCConfigurationList section */
	};
	rootObject = 804035412C506DD40003F566 /* Project object */;
}
